
Microsoft Visual Studio Solution File, Format Version 12.00
# Visual Studio Version 16
VisualStudioVersion = 16.0.30128.74
MinimumVisualStudioVersion = 10.0.40219.1
Project("{FAE04EC0-301F-11D3-BF4B-00C04F79EFBC}") = "test12", "test12\test12.csproj", "{D01580E9-5199-43CF-A8FB-7C354DDEDBDA}"
EndProject
Global
	GlobalSection(SolutionConfigurationPlatforms) = preSolution
		Debug|Any CPU = Debug|Any CPU
		Release|Any CPU = Release|Any CPU
	EndGlobalSection
	GlobalSection(ProjectConfigurationPlatforms) = postSolution
		{D01580E9-5199-43CF-A8FB-7C354DDEDBDA}.Debug|Any CPU.ActiveCfg = Debug|Any CPU
		{D01580E9-5199-43CF-A8FB-7C354DDEDBDA}.Debug|Any CPU.Build.0 = Debug|Any CPU
		{D01580E9-5199-43CF-A8FB-7C354DDEDBDA}.Release|Any CPU.ActiveCfg = Release|Any CPU
		{D01580E9-5199-43CF-A8FB-7C354DDEDBDA}.Release|Any CPU.Build.0 = Release|Any CPU
	EndGlobalSection
	GlobalSection(SolutionProperties) = preSolution
		HideSolutionNode = FALSE
	EndGlobalSection
	GlobalSection(ExtensibilityGlobals) = postSolution
		SolutionGuid = {A36B018D-E370-4B13-9D5D-2546A0A075D9}
	EndGlobalSection
EndGlobal
